// !$*UTF8*$!
{
	archiveVersion = 1;
	classes = {
	};
	objectVersion = 46;
	objects = {

/* Begin PBXBuildFile section */
		2327154A1E6F53D30012A999 /* NewListingViewController.swift in Sources */ = {isa = PBXBuildFile; fileRef = 232715491E6F53D30012A999 /* NewListingViewController.swift */; };
		232715501E6FE1890012A999 /* AccountListingTableViewCell.swift in Sources */ = {isa = PBXBuildFile; fileRef = 2327154F1E6FE1890012A999 /* AccountListingTableViewCell.swift */; };
		233C60E31E536645008A8D50 /* User.swift in Sources */ = {isa = PBXBuildFile; fileRef = 233C60E21E536645008A8D50 /* User.swift */; };
		23430B601E6497A7006739EB /* Bolts.framework in Frameworks */ = {isa = PBXBuildFile; fileRef = 23430B5F1E6497A7006739EB /* Bolts.framework */; };
		23430B621E6497B3006739EB /* Parse.framework in Frameworks */ = {isa = PBXBuildFile; fileRef = 23430B611E6497B3006739EB /* Parse.framework */; };
		23430B651E6497EE006739EB /* AudioToolbox.framework in Frameworks */ = {isa = PBXBuildFile; fileRef = 23430B641E6497EE006739EB /* AudioToolbox.framework */; };
		23430B671E649805006739EB /* CFNetwork.framework in Frameworks */ = {isa = PBXBuildFile; fileRef = 23430B661E649805006739EB /* CFNetwork.framework */; };
		23430B691E64980D006739EB /* CoreGraphics.framework in Frameworks */ = {isa = PBXBuildFile; fileRef = 23430B681E64980D006739EB /* CoreGraphics.framework */; };
		23430B6B1E649815006739EB /* CoreLocation.framework in Frameworks */ = {isa = PBXBuildFile; fileRef = 23430B6A1E649815006739EB /* CoreLocation.framework */; };
		23430B6D1E64981C006739EB /* QuartzCore.framework in Frameworks */ = {isa = PBXBuildFile; fileRef = 23430B6C1E64981C006739EB /* QuartzCore.framework */; };
		23430B6F1E649823006739EB /* Security.framework in Frameworks */ = {isa = PBXBuildFile; fileRef = 23430B6E1E649823006739EB /* Security.framework */; };
		23430B731E649831006739EB /* SystemConfiguration.framework in Frameworks */ = {isa = PBXBuildFile; fileRef = 23430B721E649831006739EB /* SystemConfiguration.framework */; };
		23430B751E64983C006739EB /* libz.tbd in Frameworks */ = {isa = PBXBuildFile; fileRef = 23430B741E64983C006739EB /* libz.tbd */; };
		23430B771E649845006739EB /* libsqlite3.tbd in Frameworks */ = {isa = PBXBuildFile; fileRef = 23430B761E649845006739EB /* libsqlite3.tbd */; };
		236772451E711AB800FA9DBA /* Book.swift in Sources */ = {isa = PBXBuildFile; fileRef = 236772441E711AB800FA9DBA /* Book.swift */; };
		236F27821E428FC700FCDE9D /* AppDelegate.swift in Sources */ = {isa = PBXBuildFile; fileRef = 236F27811E428FC700FCDE9D /* AppDelegate.swift */; };
		236F27871E428FC700FCDE9D /* Main.storyboard in Resources */ = {isa = PBXBuildFile; fileRef = 236F27851E428FC700FCDE9D /* Main.storyboard */; };
		236F27891E428FC700FCDE9D /* Assets.xcassets in Resources */ = {isa = PBXBuildFile; fileRef = 236F27881E428FC700FCDE9D /* Assets.xcassets */; };
		236F278C1E428FC700FCDE9D /* LaunchScreen.storyboard in Resources */ = {isa = PBXBuildFile; fileRef = 236F278A1E428FC700FCDE9D /* LaunchScreen.storyboard */; };
		236F27971E428FC800FCDE9D /* NDTextbookExchangeTests.swift in Sources */ = {isa = PBXBuildFile; fileRef = 236F27961E428FC800FCDE9D /* NDTextbookExchangeTests.swift */; };
		236F27A21E428FC800FCDE9D /* NDTextbookExchangeUITests.swift in Sources */ = {isa = PBXBuildFile; fileRef = 236F27A11E428FC800FCDE9D /* NDTextbookExchangeUITests.swift */; };
		2378ACD71E70FAFA00D3DD3E /* BookDetailViewController.swift in Sources */ = {isa = PBXBuildFile; fileRef = 2378ACD61E70FAFA00D3DD3E /* BookDetailViewController.swift */; };
		23D408A11E6F1FB30001ED66 /* BookTableViewCell.swift in Sources */ = {isa = PBXBuildFile; fileRef = 23D408A01E6F1FB30001ED66 /* BookTableViewCell.swift */; };
		23F50D431E5207DD007528C2 /* LoginViewController.swift in Sources */ = {isa = PBXBuildFile; fileRef = 23F50D421E5207DD007528C2 /* LoginViewController.swift */; };
		23F50D451E520987007528C2 /* SignupViewController.swift in Sources */ = {isa = PBXBuildFile; fileRef = 23F50D441E520987007528C2 /* SignupViewController.swift */; };
		23F50D471E520B08007528C2 /* SearchTableViewController.swift in Sources */ = {isa = PBXBuildFile; fileRef = 23F50D461E520B08007528C2 /* SearchTableViewController.swift */; };
		23F50D491E520B67007528C2 /* SellViewController.swift in Sources */ = {isa = PBXBuildFile; fileRef = 23F50D481E520B67007528C2 /* SellViewController.swift */; };
		23F50D4B1E520BA0007528C2 /* AccountTableViewController.swift in Sources */ = {isa = PBXBuildFile; fileRef = 23F50D4A1E520BA0007528C2 /* AccountTableViewController.swift */; };
		571A90A4718C42282C6A0A10 /* Pods_NDTextbookExchangeUITests.framework in Frameworks */ = {isa = PBXBuildFile; fileRef = 3006F358D0E25B593EC9D55C /* Pods_NDTextbookExchangeUITests.framework */; };
		F82CD83AB76459C2E83C6C7E /* Pods_NDTextbookExchangeTests.framework in Frameworks */ = {isa = PBXBuildFile; fileRef = 18D6C6E65DD2CE8339A92867 /* Pods_NDTextbookExchangeTests.framework */; };
		FD27364A2D0612512CA9DC4B /* Pods_NDTextbookExchange.framework in Frameworks */ = {isa = PBXBuildFile; fileRef = D6BF7D1D4DF21045D8CABB09 /* Pods_NDTextbookExchange.framework */; };
/* End PBXBuildFile section */

/* Begin PBXContainerItemProxy section */
		236F27931E428FC800FCDE9D /* PBXContainerItemProxy */ = {
			isa = PBXContainerItemProxy;
			containerPortal = 236F27761E428FC700FCDE9D /* Project object */;
			proxyType = 1;
			remoteGlobalIDString = 236F277D1E428FC700FCDE9D;
			remoteInfo = NDTextbookExchange;
		};
		236F279E1E428FC800FCDE9D /* PBXContainerItemProxy */ = {
			isa = PBXContainerItemProxy;
			containerPortal = 236F27761E428FC700FCDE9D /* Project object */;
			proxyType = 1;
			remoteGlobalIDString = 236F277D1E428FC700FCDE9D;
			remoteInfo = NDTextbookExchange;
		};
/* End PBXContainerItemProxy section */

/* Begin PBXFileReference section */
		074EA27F1277B9B8428BFCC7 /* Pods-NDTextbookExchangeTests.debug.xcconfig */ = {isa = PBXFileReference; includeInIndex = 1; lastKnownFileType = text.xcconfig; name = "Pods-NDTextbookExchangeTests.debug.xcconfig"; path = "Pods/Target Support Files/Pods-NDTextbookExchangeTests/Pods-NDTextbookExchangeTests.debug.xcconfig"; sourceTree = "<group>"; };
		18D6C6E65DD2CE8339A92867 /* Pods_NDTextbookExchangeTests.framework */ = {isa = PBXFileReference; explicitFileType = wrapper.framework; includeInIndex = 0; path = Pods_NDTextbookExchangeTests.framework; sourceTree = BUILT_PRODUCTS_DIR; };
		232715491E6F53D30012A999 /* NewListingViewController.swift */ = {isa = PBXFileReference; fileEncoding = 4; lastKnownFileType = sourcecode.swift; path = NewListingViewController.swift; sourceTree = "<group>"; };
		2327154F1E6FE1890012A999 /* AccountListingTableViewCell.swift */ = {isa = PBXFileReference; fileEncoding = 4; lastKnownFileType = sourcecode.swift; path = AccountListingTableViewCell.swift; sourceTree = "<group>"; };
		233C60E21E536645008A8D50 /* User.swift */ = {isa = PBXFileReference; fileEncoding = 4; lastKnownFileType = sourcecode.swift; path = User.swift; sourceTree = "<group>"; };
		23430B5F1E6497A7006739EB /* Bolts.framework */ = {isa = PBXFileReference; lastKnownFileType = wrapper.framework; path = Bolts.framework; sourceTree = "<group>"; };
		23430B611E6497B3006739EB /* Parse.framework */ = {isa = PBXFileReference; lastKnownFileType = wrapper.framework; path = Parse.framework; sourceTree = "<group>"; };
		23430B641E6497EE006739EB /* AudioToolbox.framework */ = {isa = PBXFileReference; lastKnownFileType = wrapper.framework; name = AudioToolbox.framework; path = System/Library/Frameworks/AudioToolbox.framework; sourceTree = SDKROOT; };
		23430B661E649805006739EB /* CFNetwork.framework */ = {isa = PBXFileReference; lastKnownFileType = wrapper.framework; name = CFNetwork.framework; path = System/Library/Frameworks/CFNetwork.framework; sourceTree = SDKROOT; };
		23430B681E64980D006739EB /* CoreGraphics.framework */ = {isa = PBXFileReference; lastKnownFileType = wrapper.framework; name = CoreGraphics.framework; path = System/Library/Frameworks/CoreGraphics.framework; sourceTree = SDKROOT; };
		23430B6A1E649815006739EB /* CoreLocation.framework */ = {isa = PBXFileReference; lastKnownFileType = wrapper.framework; name = CoreLocation.framework; path = System/Library/Frameworks/CoreLocation.framework; sourceTree = SDKROOT; };
		23430B6C1E64981C006739EB /* QuartzCore.framework */ = {isa = PBXFileReference; lastKnownFileType = wrapper.framework; name = QuartzCore.framework; path = System/Library/Frameworks/QuartzCore.framework; sourceTree = SDKROOT; };
		23430B6E1E649823006739EB /* Security.framework */ = {isa = PBXFileReference; lastKnownFileType = wrapper.framework; name = Security.framework; path = System/Library/Frameworks/Security.framework; sourceTree = SDKROOT; };
		23430B701E649829006739EB /* StoreKit.framework */ = {isa = PBXFileReference; lastKnownFileType = wrapper.framework; name = StoreKit.framework; path = System/Library/Frameworks/StoreKit.framework; sourceTree = SDKROOT; };
		23430B721E649831006739EB /* SystemConfiguration.framework */ = {isa = PBXFileReference; lastKnownFileType = wrapper.framework; name = SystemConfiguration.framework; path = System/Library/Frameworks/SystemConfiguration.framework; sourceTree = SDKROOT; };
		23430B741E64983C006739EB /* libz.tbd */ = {isa = PBXFileReference; lastKnownFileType = "sourcecode.text-based-dylib-definition"; name = libz.tbd; path = usr/lib/libz.tbd; sourceTree = SDKROOT; };
		23430B761E649845006739EB /* libsqlite3.tbd */ = {isa = PBXFileReference; lastKnownFileType = "sourcecode.text-based-dylib-definition"; name = libsqlite3.tbd; path = usr/lib/libsqlite3.tbd; sourceTree = SDKROOT; };
		236772441E711AB800FA9DBA /* Book.swift */ = {isa = PBXFileReference; fileEncoding = 4; lastKnownFileType = sourcecode.swift; path = Book.swift; sourceTree = "<group>"; };
		236F277E1E428FC700FCDE9D /* NDTextbookExchange.app */ = {isa = PBXFileReference; explicitFileType = wrapper.application; includeInIndex = 0; path = NDTextbookExchange.app; sourceTree = BUILT_PRODUCTS_DIR; };
		236F27811E428FC700FCDE9D /* AppDelegate.swift */ = {isa = PBXFileReference; lastKnownFileType = sourcecode.swift; path = AppDelegate.swift; sourceTree = "<group>"; };
		236F27861E428FC700FCDE9D /* Base */ = {isa = PBXFileReference; lastKnownFileType = file.storyboard; name = Base; path = Base.lproj/Main.storyboard; sourceTree = "<group>"; };
		236F27881E428FC700FCDE9D /* Assets.xcassets */ = {isa = PBXFileReference; lastKnownFileType = folder.assetcatalog; path = Assets.xcassets; sourceTree = "<group>"; };
		236F278B1E428FC700FCDE9D /* Base */ = {isa = PBXFileReference; lastKnownFileType = file.storyboard; name = Base; path = Base.lproj/LaunchScreen.storyboard; sourceTree = "<group>"; };
		236F278D1E428FC700FCDE9D /* Info.plist */ = {isa = PBXFileReference; lastKnownFileType = text.plist.xml; path = Info.plist; sourceTree = "<group>"; };
		236F27921E428FC800FCDE9D /* NDTextbookExchangeTests.xctest */ = {isa = PBXFileReference; explicitFileType = wrapper.cfbundle; includeInIndex = 0; path = NDTextbookExchangeTests.xctest; sourceTree = BUILT_PRODUCTS_DIR; };
		236F27961E428FC800FCDE9D /* NDTextbookExchangeTests.swift */ = {isa = PBXFileReference; lastKnownFileType = sourcecode.swift; path = NDTextbookExchangeTests.swift; sourceTree = "<group>"; };
		236F27981E428FC800FCDE9D /* Info.plist */ = {isa = PBXFileReference; lastKnownFileType = text.plist.xml; path = Info.plist; sourceTree = "<group>"; };
		236F279D1E428FC800FCDE9D /* NDTextbookExchangeUITests.xctest */ = {isa = PBXFileReference; explicitFileType = wrapper.cfbundle; includeInIndex = 0; path = NDTextbookExchangeUITests.xctest; sourceTree = BUILT_PRODUCTS_DIR; };
		236F27A11E428FC800FCDE9D /* NDTextbookExchangeUITests.swift */ = {isa = PBXFileReference; lastKnownFileType = sourcecode.swift; path = NDTextbookExchangeUITests.swift; sourceTree = "<group>"; };
		236F27A31E428FC800FCDE9D /* Info.plist */ = {isa = PBXFileReference; lastKnownFileType = text.plist.xml; path = Info.plist; sourceTree = "<group>"; };
		2378ACD61E70FAFA00D3DD3E /* BookDetailViewController.swift */ = {isa = PBXFileReference; fileEncoding = 4; lastKnownFileType = sourcecode.swift; path = BookDetailViewController.swift; sourceTree = "<group>"; };
		23D408A01E6F1FB30001ED66 /* BookTableViewCell.swift */ = {isa = PBXFileReference; fileEncoding = 4; lastKnownFileType = sourcecode.swift; path = BookTableViewCell.swift; sourceTree = "<group>"; };
		23F50D421E5207DD007528C2 /* LoginViewController.swift */ = {isa = PBXFileReference; fileEncoding = 4; lastKnownFileType = sourcecode.swift; path = LoginViewController.swift; sourceTree = "<group>"; };
		23F50D441E520987007528C2 /* SignupViewController.swift */ = {isa = PBXFileReference; fileEncoding = 4; lastKnownFileType = sourcecode.swift; path = SignupViewController.swift; sourceTree = "<group>"; };
		23F50D461E520B08007528C2 /* SearchTableViewController.swift */ = {isa = PBXFileReference; fileEncoding = 4; lastKnownFileType = sourcecode.swift; path = SearchTableViewController.swift; sourceTree = "<group>"; };
		23F50D481E520B67007528C2 /* SellViewController.swift */ = {isa = PBXFileReference; fileEncoding = 4; lastKnownFileType = sourcecode.swift; path = SellViewController.swift; sourceTree = "<group>"; };
		23F50D4A1E520BA0007528C2 /* AccountTableViewController.swift */ = {isa = PBXFileReference; fileEncoding = 4; lastKnownFileType = sourcecode.swift; path = AccountTableViewController.swift; sourceTree = "<group>"; };
		3006F358D0E25B593EC9D55C /* Pods_NDTextbookExchangeUITests.framework */ = {isa = PBXFileReference; explicitFileType = wrapper.framework; includeInIndex = 0; path = Pods_NDTextbookExchangeUITests.framework; sourceTree = BUILT_PRODUCTS_DIR; };
		4D5C22F562E4853DE3D3E185 /* Pods-NDTextbookExchangeUITests.release.xcconfig */ = {isa = PBXFileReference; includeInIndex = 1; lastKnownFileType = text.xcconfig; name = "Pods-NDTextbookExchangeUITests.release.xcconfig"; path = "Pods/Target Support Files/Pods-NDTextbookExchangeUITests/Pods-NDTextbookExchangeUITests.release.xcconfig"; sourceTree = "<group>"; };
		52A1902095AF799202D68E49 /* Pods-NDTextbookExchange.debug.xcconfig */ = {isa = PBXFileReference; includeInIndex = 1; lastKnownFileType = text.xcconfig; name = "Pods-NDTextbookExchange.debug.xcconfig"; path = "Pods/Target Support Files/Pods-NDTextbookExchange/Pods-NDTextbookExchange.debug.xcconfig"; sourceTree = "<group>"; };
		B17878288E857301F99E4F96 /* Pods-NDTextbookExchangeUITests.debug.xcconfig */ = {isa = PBXFileReference; includeInIndex = 1; lastKnownFileType = text.xcconfig; name = "Pods-NDTextbookExchangeUITests.debug.xcconfig"; path = "Pods/Target Support Files/Pods-NDTextbookExchangeUITests/Pods-NDTextbookExchangeUITests.debug.xcconfig"; sourceTree = "<group>"; };
		B5601751864618B3E1A5ACC7 /* Pods-NDTextbookExchangeTests.release.xcconfig */ = {isa = PBXFileReference; includeInIndex = 1; lastKnownFileType = text.xcconfig; name = "Pods-NDTextbookExchangeTests.release.xcconfig"; path = "Pods/Target Support Files/Pods-NDTextbookExchangeTests/Pods-NDTextbookExchangeTests.release.xcconfig"; sourceTree = "<group>"; };
		D6BF7D1D4DF21045D8CABB09 /* Pods_NDTextbookExchange.framework */ = {isa = PBXFileReference; explicitFileType = wrapper.framework; includeInIndex = 0; path = Pods_NDTextbookExchange.framework; sourceTree = BUILT_PRODUCTS_DIR; };
		E41F099B9006CCA532F4FC66 /* Pods-NDTextbookExchange.release.xcconfig */ = {isa = PBXFileReference; includeInIndex = 1; lastKnownFileType = text.xcconfig; name = "Pods-NDTextbookExchange.release.xcconfig"; path = "Pods/Target Support Files/Pods-NDTextbookExchange/Pods-NDTextbookExchange.release.xcconfig"; sourceTree = "<group>"; };
/* End PBXFileReference section */

/* Begin PBXFrameworksBuildPhase section */
		236F277B1E428FC700FCDE9D /* Frameworks */ = {
			isa = PBXFrameworksBuildPhase;
			buildActionMask = 2147483647;
			files = (
				23430B771E649845006739EB /* libsqlite3.tbd in Frameworks */,
				23430B751E64983C006739EB /* libz.tbd in Frameworks */,
				23430B731E649831006739EB /* SystemConfiguration.framework in Frameworks */,
				23430B6F1E649823006739EB /* Security.framework in Frameworks */,
				23430B6D1E64981C006739EB /* QuartzCore.framework in Frameworks */,
				23430B6B1E649815006739EB /* CoreLocation.framework in Frameworks */,
				23430B691E64980D006739EB /* CoreGraphics.framework in Frameworks */,
				23430B671E649805006739EB /* CFNetwork.framework in Frameworks */,
				23430B651E6497EE006739EB /* AudioToolbox.framework in Frameworks */,
				23430B621E6497B3006739EB /* Parse.framework in Frameworks */,
				23430B601E6497A7006739EB /* Bolts.framework in Frameworks */,
				FD27364A2D0612512CA9DC4B /* Pods_NDTextbookExchange.framework in Frameworks */,
			);
			runOnlyForDeploymentPostprocessing = 0;
		};
		236F278F1E428FC800FCDE9D /* Frameworks */ = {
			isa = PBXFrameworksBuildPhase;
			buildActionMask = 2147483647;
			files = (
				F82CD83AB76459C2E83C6C7E /* Pods_NDTextbookExchangeTests.framework in Frameworks */,
			);
			runOnlyForDeploymentPostprocessing = 0;
		};
		236F279A1E428FC800FCDE9D /* Frameworks */ = {
			isa = PBXFrameworksBuildPhase;
			buildActionMask = 2147483647;
			files = (
				571A90A4718C42282C6A0A10 /* Pods_NDTextbookExchangeUITests.framework in Frameworks */,
			);
			runOnlyForDeploymentPostprocessing = 0;
		};
/* End PBXFrameworksBuildPhase section */

/* Begin PBXGroup section */
		2327154B1E6FB88C0012A999 /* Browse Tab */ = {
			isa = PBXGroup;
			children = (
				23F50D461E520B08007528C2 /* SearchTableViewController.swift */,
				2378ACD61E70FAFA00D3DD3E /* BookDetailViewController.swift */,
				23D408A01E6F1FB30001ED66 /* BookTableViewCell.swift */,
			);
			name = "Browse Tab";
			sourceTree = "<group>";
		};
		2327154C1E6FB8B10012A999 /* Sell Tab */ = {
			isa = PBXGroup;
			children = (
				23F50D481E520B67007528C2 /* SellViewController.swift */,
				232715491E6F53D30012A999 /* NewListingViewController.swift */,
			);
			name = "Sell Tab";
			sourceTree = "<group>";
		};
		2327154D1E6FB8C10012A999 /* Account Tab */ = {
			isa = PBXGroup;
			children = (
				23F50D4A1E520BA0007528C2 /* AccountTableViewController.swift */,
				2327154F1E6FE1890012A999 /* AccountListingTableViewCell.swift */,
			);
			name = "Account Tab";
			sourceTree = "<group>";
		};
		2327154E1E6FB8DD0012A999 /* Login */ = {
			isa = PBXGroup;
			children = (
				23F50D421E5207DD007528C2 /* LoginViewController.swift */,
				23F50D441E520987007528C2 /* SignupViewController.swift */,
			);
			name = Login;
			sourceTree = "<group>";
		};
		23430B5E1E649773006739EB /* Back4App */ = {
			isa = PBXGroup;
			children = (
				23430B611E6497B3006739EB /* Parse.framework */,
				23430B5F1E6497A7006739EB /* Bolts.framework */,
			);
			name = Back4App;
			sourceTree = "<group>";
		};
		23430B631E6497EE006739EB /* Frameworks */ = {
			isa = PBXGroup;
			children = (
				23430B761E649845006739EB /* libsqlite3.tbd */,
				23430B741E64983C006739EB /* libz.tbd */,
				23430B721E649831006739EB /* SystemConfiguration.framework */,
				23430B701E649829006739EB /* StoreKit.framework */,
				23430B6E1E649823006739EB /* Security.framework */,
				23430B6C1E64981C006739EB /* QuartzCore.framework */,
				23430B6A1E649815006739EB /* CoreLocation.framework */,
				23430B681E64980D006739EB /* CoreGraphics.framework */,
				23430B661E649805006739EB /* CFNetwork.framework */,
				23430B641E6497EE006739EB /* AudioToolbox.framework */,
				D6BF7D1D4DF21045D8CABB09 /* Pods_NDTextbookExchange.framework */,
				18D6C6E65DD2CE8339A92867 /* Pods_NDTextbookExchangeTests.framework */,
				3006F358D0E25B593EC9D55C /* Pods_NDTextbookExchangeUITests.framework */,
			);
			name = Frameworks;
			sourceTree = "<group>";
		};
		236772431E711A9E00FA9DBA /* Model */ = {
			isa = PBXGroup;
			children = (
				233C60E21E536645008A8D50 /* User.swift */,
				236772441E711AB800FA9DBA /* Book.swift */,
			);
			name = Model;
			sourceTree = "<group>";
		};
		236F27751E428FC700FCDE9D = {
			isa = PBXGroup;
			children = (
				23430B5E1E649773006739EB /* Back4App */,
				236F27801E428FC700FCDE9D /* NDTextbookExchange */,
				236F27951E428FC800FCDE9D /* NDTextbookExchangeTests */,
				236F27A01E428FC800FCDE9D /* NDTextbookExchangeUITests */,
				236F277F1E428FC700FCDE9D /* Products */,
				23430B631E6497EE006739EB /* Frameworks */,
				BB30E31AA01ED13EB649FFF3 /* Pods */,
			);
			sourceTree = "<group>";
		};
		236F277F1E428FC700FCDE9D /* Products */ = {
			isa = PBXGroup;
			children = (
				236F277E1E428FC700FCDE9D /* NDTextbookExchange.app */,
				236F27921E428FC800FCDE9D /* NDTextbookExchangeTests.xctest */,
				236F279D1E428FC800FCDE9D /* NDTextbookExchangeUITests.xctest */,
			);
			name = Products;
			sourceTree = "<group>";
		};
		236F27801E428FC700FCDE9D /* NDTextbookExchange */ = {
			isa = PBXGroup;
			children = (
				236F27811E428FC700FCDE9D /* AppDelegate.swift */,
				236F27851E428FC700FCDE9D /* Main.storyboard */,
				2327154E1E6FB8DD0012A999 /* Login */,
				2327154B1E6FB88C0012A999 /* Browse Tab */,
				2327154C1E6FB8B10012A999 /* Sell Tab */,
				2327154D1E6FB8C10012A999 /* Account Tab */,
				236772431E711A9E00FA9DBA /* Model */,
				236F27881E428FC700FCDE9D /* Assets.xcassets */,
				236F278A1E428FC700FCDE9D /* LaunchScreen.storyboard */,
				236F278D1E428FC700FCDE9D /* Info.plist */,
			);
			path = NDTextbookExchange;
			sourceTree = "<group>";
		};
		236F27951E428FC800FCDE9D /* NDTextbookExchangeTests */ = {
			isa = PBXGroup;
			children = (
				236F27961E428FC800FCDE9D /* NDTextbookExchangeTests.swift */,
				236F27981E428FC800FCDE9D /* Info.plist */,
			);
			path = NDTextbookExchangeTests;
			sourceTree = "<group>";
		};
		236F27A01E428FC800FCDE9D /* NDTextbookExchangeUITests */ = {
			isa = PBXGroup;
			children = (
				236F27A11E428FC800FCDE9D /* NDTextbookExchangeUITests.swift */,
				236F27A31E428FC800FCDE9D /* Info.plist */,
			);
			path = NDTextbookExchangeUITests;
			sourceTree = "<group>";
		};
		BB30E31AA01ED13EB649FFF3 /* Pods */ = {
			isa = PBXGroup;
			children = (
				52A1902095AF799202D68E49 /* Pods-NDTextbookExchange.debug.xcconfig */,
				E41F099B9006CCA532F4FC66 /* Pods-NDTextbookExchange.release.xcconfig */,
				074EA27F1277B9B8428BFCC7 /* Pods-NDTextbookExchangeTests.debug.xcconfig */,
				B5601751864618B3E1A5ACC7 /* Pods-NDTextbookExchangeTests.release.xcconfig */,
				B17878288E857301F99E4F96 /* Pods-NDTextbookExchangeUITests.debug.xcconfig */,
				4D5C22F562E4853DE3D3E185 /* Pods-NDTextbookExchangeUITests.release.xcconfig */,
			);
			name = Pods;
			sourceTree = "<group>";
		};
/* End PBXGroup section */

/* Begin PBXNativeTarget section */
		236F277D1E428FC700FCDE9D /* NDTextbookExchange */ = {
			isa = PBXNativeTarget;
			buildConfigurationList = 236F27A61E428FC800FCDE9D /* Build configuration list for PBXNativeTarget "NDTextbookExchange" */;
			buildPhases = (
				45A891418DBAB8AEB92C115F /* [CP] Check Pods Manifest.lock */,
				236F277A1E428FC700FCDE9D /* Sources */,
				236F277B1E428FC700FCDE9D /* Frameworks */,
				236F277C1E428FC700FCDE9D /* Resources */,
				DE1109D2E48CFAEEDDB277F8 /* [CP] Embed Pods Frameworks */,
				6403C91E293FFAAFE881F578 /* [CP] Copy Pods Resources */,
			);
			buildRules = (
			);
			dependencies = (
			);
			name = NDTextbookExchange;
			productName = NDTextbookExchange;
			productReference = 236F277E1E428FC700FCDE9D /* NDTextbookExchange.app */;
			productType = "com.apple.product-type.application";
		};
		236F27911E428FC800FCDE9D /* NDTextbookExchangeTests */ = {
			isa = PBXNativeTarget;
			buildConfigurationList = 236F27A91E428FC800FCDE9D /* Build configuration list for PBXNativeTarget "NDTextbookExchangeTests" */;
			buildPhases = (
				039678B382EDDE15C6DF1640 /* [CP] Check Pods Manifest.lock */,
				236F278E1E428FC800FCDE9D /* Sources */,
				236F278F1E428FC800FCDE9D /* Frameworks */,
				236F27901E428FC800FCDE9D /* Resources */,
				598DA21D3868426D300414FC /* [CP] Embed Pods Frameworks */,
				C38F71168AB502BDA2BB0E8B /* [CP] Copy Pods Resources */,
			);
			buildRules = (
			);
			dependencies = (
				236F27941E428FC800FCDE9D /* PBXTargetDependency */,
			);
			name = NDTextbookExchangeTests;
			productName = NDTextbookExchangeTests;
			productReference = 236F27921E428FC800FCDE9D /* NDTextbookExchangeTests.xctest */;
			productType = "com.apple.product-type.bundle.unit-test";
		};
		236F279C1E428FC800FCDE9D /* NDTextbookExchangeUITests */ = {
			isa = PBXNativeTarget;
			buildConfigurationList = 236F27AC1E428FC800FCDE9D /* Build configuration list for PBXNativeTarget "NDTextbookExchangeUITests" */;
			buildPhases = (
				9D94663D65DBA834DA695DE4 /* [CP] Check Pods Manifest.lock */,
				236F27991E428FC800FCDE9D /* Sources */,
				236F279A1E428FC800FCDE9D /* Frameworks */,
				236F279B1E428FC800FCDE9D /* Resources */,
				D5C33F5EF536E3B12B0EE9DB /* [CP] Embed Pods Frameworks */,
				3F537B0873FBCA92E2F3948F /* [CP] Copy Pods Resources */,
			);
			buildRules = (
			);
			dependencies = (
				236F279F1E428FC800FCDE9D /* PBXTargetDependency */,
			);
			name = NDTextbookExchangeUITests;
			productName = NDTextbookExchangeUITests;
			productReference = 236F279D1E428FC800FCDE9D /* NDTextbookExchangeUITests.xctest */;
			productType = "com.apple.product-type.bundle.ui-testing";
		};
/* End PBXNativeTarget section */

/* Begin PBXProject section */
		236F27761E428FC700FCDE9D /* Project object */ = {
			isa = PBXProject;
			attributes = {
				LastSwiftUpdateCheck = 0820;
				LastUpgradeCheck = 0820;
				ORGANIZATIONNAME = CSE40814;
				TargetAttributes = {
					236F277D1E428FC700FCDE9D = {
						CreatedOnToolsVersion = 8.2.1;
						DevelopmentTeam = N4Z3R2L69T;
						ProvisioningStyle = Automatic;
					};
					236F27911E428FC800FCDE9D = {
						CreatedOnToolsVersion = 8.2.1;
						DevelopmentTeam = N4Z3R2L69T;
						ProvisioningStyle = Automatic;
						TestTargetID = 236F277D1E428FC700FCDE9D;
					};
					236F279C1E428FC800FCDE9D = {
						CreatedOnToolsVersion = 8.2.1;
						DevelopmentTeam = N4Z3R2L69T;
						ProvisioningStyle = Automatic;
						TestTargetID = 236F277D1E428FC700FCDE9D;
					};
				};
			};
			buildConfigurationList = 236F27791E428FC700FCDE9D /* Build configuration list for PBXProject "NDTextbookExchange" */;
			compatibilityVersion = "Xcode 3.2";
			developmentRegion = English;
			hasScannedForEncodings = 0;
			knownRegions = (
				en,
				Base,
			);
			mainGroup = 236F27751E428FC700FCDE9D;
			productRefGroup = 236F277F1E428FC700FCDE9D /* Products */;
			projectDirPath = "";
			projectRoot = "";
			targets = (
				236F277D1E428FC700FCDE9D /* NDTextbookExchange */,
				236F27911E428FC800FCDE9D /* NDTextbookExchangeTests */,
				236F279C1E428FC800FCDE9D /* NDTextbookExchangeUITests */,
			);
		};
/* End PBXProject section */

/* Begin PBXResourcesBuildPhase section */
		236F277C1E428FC700FCDE9D /* Resources */ = {
			isa = PBXResourcesBuildPhase;
			buildActionMask = 2147483647;
			files = (
				236F278C1E428FC700FCDE9D /* LaunchScreen.storyboard in Resources */,
				236F27891E428FC700FCDE9D /* Assets.xcassets in Resources */,
				236F27871E428FC700FCDE9D /* Main.storyboard in Resources */,
			);
			runOnlyForDeploymentPostprocessing = 0;
		};
		236F27901E428FC800FCDE9D /* Resources */ = {
			isa = PBXResourcesBuildPhase;
			buildActionMask = 2147483647;
			files = (
			);
			runOnlyForDeploymentPostprocessing = 0;
		};
		236F279B1E428FC800FCDE9D /* Resources */ = {
			isa = PBXResourcesBuildPhase;
			buildActionMask = 2147483647;
			files = (
			);
			runOnlyForDeploymentPostprocessing = 0;
		};
/* End PBXResourcesBuildPhase section */

/* Begin PBXShellScriptBuildPhase section */
		039678B382EDDE15C6DF1640 /* [CP] Check Pods Manifest.lock */ = {
			isa = PBXShellScriptBuildPhase;
			buildActionMask = 2147483647;
			files = (
			);
			inputPaths = (
			);
			name = "[CP] Check Pods Manifest.lock";
			outputPaths = (
			);
			runOnlyForDeploymentPostprocessing = 0;
			shellPath = /bin/sh;
			shellScript = "diff \"${PODS_ROOT}/../Podfile.lock\" \"${PODS_ROOT}/Manifest.lock\" > /dev/null\nif [ $? != 0 ] ; then\n    # print error to STDERR\n    echo \"error: The sandbox is not in sync with the Podfile.lock. Run 'pod install' or update your CocoaPods installation.\" >&2\n    exit 1\nfi\n";
			showEnvVarsInLog = 0;
		};
		3F537B0873FBCA92E2F3948F /* [CP] Copy Pods Resources */ = {
			isa = PBXShellScriptBuildPhase;
			buildActionMask = 2147483647;
			files = (
			);
			inputPaths = (
			);
			name = "[CP] Copy Pods Resources";
			outputPaths = (
			);
			runOnlyForDeploymentPostprocessing = 0;
			shellPath = /bin/sh;
			shellScript = "\"${SRCROOT}/Pods/Target Support Files/Pods-NDTextbookExchangeUITests/Pods-NDTextbookExchangeUITests-resources.sh\"\n";
			showEnvVarsInLog = 0;
		};
		45A891418DBAB8AEB92C115F /* [CP] Check Pods Manifest.lock */ = {
			isa = PBXShellScriptBuildPhase;
			buildActionMask = 2147483647;
			files = (
			);
			inputPaths = (
			);
			name = "[CP] Check Pods Manifest.lock";
			outputPaths = (
			);
			runOnlyForDeploymentPostprocessing = 0;
			shellPath = /bin/sh;
			shellScript = "diff \"${PODS_ROOT}/../Podfile.lock\" \"${PODS_ROOT}/Manifest.lock\" > /dev/null\nif [ $? != 0 ] ; then\n    # print error to STDERR\n    echo \"error: The sandbox is not in sync with the Podfile.lock. Run 'pod install' or update your CocoaPods installation.\" >&2\n    exit 1\nfi\n";
			showEnvVarsInLog = 0;
		};
		598DA21D3868426D300414FC /* [CP] Embed Pods Frameworks */ = {
			isa = PBXShellScriptBuildPhase;
			buildActionMask = 2147483647;
			files = (
			);
			inputPaths = (
			);
			name = "[CP] Embed Pods Frameworks";
			outputPaths = (
			);
			runOnlyForDeploymentPostprocessing = 0;
			shellPath = /bin/sh;
			shellScript = "\"${SRCROOT}/Pods/Target Support Files/Pods-NDTextbookExchangeTests/Pods-NDTextbookExchangeTests-frameworks.sh\"\n";
			showEnvVarsInLog = 0;
		};
		6403C91E293FFAAFE881F578 /* [CP] Copy Pods Resources */ = {
			isa = PBXShellScriptBuildPhase;
			buildActionMask = 2147483647;
			files = (
			);
			inputPaths = (
			);
			name = "[CP] Copy Pods Resources";
			outputPaths = (
			);
			runOnlyForDeploymentPostprocessing = 0;
			shellPath = /bin/sh;
			shellScript = "\"${SRCROOT}/Pods/Target Support Files/Pods-NDTextbookExchange/Pods-NDTextbookExchange-resources.sh\"\n";
			showEnvVarsInLog = 0;
		};
		9D94663D65DBA834DA695DE4 /* [CP] Check Pods Manifest.lock */ = {
			isa = PBXShellScriptBuildPhase;
			buildActionMask = 2147483647;
			files = (
			);
			inputPaths = (
			);
			name = "[CP] Check Pods Manifest.lock";
			outputPaths = (
			);
			runOnlyForDeploymentPostprocessing = 0;
			shellPath = /bin/sh;
			shellScript = "diff \"${PODS_ROOT}/../Podfile.lock\" \"${PODS_ROOT}/Manifest.lock\" > /dev/null\nif [ $? != 0 ] ; then\n    # print error to STDERR\n    echo \"error: The sandbox is not in sync with the Podfile.lock. Run 'pod install' or update your CocoaPods installation.\" >&2\n    exit 1\nfi\n";
			showEnvVarsInLog = 0;
		};
		C38F71168AB502BDA2BB0E8B /* [CP] Copy Pods Resources */ = {
			isa = PBXShellScriptBuildPhase;
			buildActionMask = 2147483647;
			files = (
			);
			inputPaths = (
			);
			name = "[CP] Copy Pods Resources";
			outputPaths = (
			);
			runOnlyForDeploymentPostprocessing = 0;
			shellPath = /bin/sh;
			shellScript = "\"${SRCROOT}/Pods/Target Support Files/Pods-NDTextbookExchangeTests/Pods-NDTextbookExchangeTests-resources.sh\"\n";
			showEnvVarsInLog = 0;
		};
		D5C33F5EF536E3B12B0EE9DB /* [CP] Embed Pods Frameworks */ = {
			isa = PBXShellScriptBuildPhase;
			buildActionMask = 2147483647;
			files = (
			);
			inputPaths = (
			);
			name = "[CP] Embed Pods Frameworks";
			outputPaths = (
			);
			runOnlyForDeploymentPostprocessing = 0;
			shellPath = /bin/sh;
			shellScript = "\"${SRCROOT}/Pods/Target Support Files/Pods-NDTextbookExchangeUITests/Pods-NDTextbookExchangeUITests-frameworks.sh\"\n";
			showEnvVarsInLog = 0;
		};
		DE1109D2E48CFAEEDDB277F8 /* [CP] Embed Pods Frameworks */ = {
			isa = PBXShellScriptBuildPhase;
			buildActionMask = 2147483647;
			files = (
			);
			inputPaths = (
			);
			name = "[CP] Embed Pods Frameworks";
			outputPaths = (
			);
			runOnlyForDeploymentPostprocessing = 0;
			shellPath = /bin/sh;
			shellScript = "\"${SRCROOT}/Pods/Target Support Files/Pods-NDTextbookExchange/Pods-NDTextbookExchange-frameworks.sh\"\n";
			showEnvVarsInLog = 0;
		};
/* End PBXShellScriptBuildPhase section */

/* Begin PBXSourcesBuildPhase section */
		236F277A1E428FC700FCDE9D /* Sources */ = {
			isa = PBXSourcesBuildPhase;
			buildActionMask = 2147483647;
			files = (
				232715501E6FE1890012A999 /* AccountListingTableViewCell.swift in Sources */,
				23F50D431E5207DD007528C2 /* LoginViewController.swift in Sources */,
				23F50D4B1E520BA0007528C2 /* AccountTableViewController.swift in Sources */,
				23F50D491E520B67007528C2 /* SellViewController.swift in Sources */,
				2378ACD71E70FAFA00D3DD3E /* BookDetailViewController.swift in Sources */,
				23D408A11E6F1FB30001ED66 /* BookTableViewCell.swift in Sources */,
				233C60E31E536645008A8D50 /* User.swift in Sources */,
				2327154A1E6F53D30012A999 /* NewListingViewController.swift in Sources */,
				236772451E711AB800FA9DBA /* Book.swift in Sources */,
				23F50D471E520B08007528C2 /* SearchTableViewController.swift in Sources */,
				23F50D451E520987007528C2 /* SignupViewController.swift in Sources */,
				236F27821E428FC700FCDE9D /* AppDelegate.swift in Sources */,
			);
			runOnlyForDeploymentPostprocessing = 0;
		};
		236F278E1E428FC800FCDE9D /* Sources */ = {
			isa = PBXSourcesBuildPhase;
			buildActionMask = 2147483647;
			files = (
				236F27971E428FC800FCDE9D /* NDTextbookExchangeTests.swift in Sources */,
			);
			runOnlyForDeploymentPostprocessing = 0;
		};
		236F27991E428FC800FCDE9D /* Sources */ = {
			isa = PBXSourcesBuildPhase;
			buildActionMask = 2147483647;
			files = (
				236F27A21E428FC800FCDE9D /* NDTextbookExchangeUITests.swift in Sources */,
			);
			runOnlyForDeploymentPostprocessing = 0;
		};
/* End PBXSourcesBuildPhase section */

/* Begin PBXTargetDependency section */
		236F27941E428FC800FCDE9D /* PBXTargetDependency */ = {
			isa = PBXTargetDependency;
			target = 236F277D1E428FC700FCDE9D /* NDTextbookExchange */;
			targetProxy = 236F27931E428FC800FCDE9D /* PBXContainerItemProxy */;
		};
		236F279F1E428FC800FCDE9D /* PBXTargetDependency */ = {
			isa = PBXTargetDependency;
			target = 236F277D1E428FC700FCDE9D /* NDTextbookExchange */;
			targetProxy = 236F279E1E428FC800FCDE9D /* PBXContainerItemProxy */;
		};
/* End PBXTargetDependency section */

/* Begin PBXVariantGroup section */
		236F27851E428FC700FCDE9D /* Main.storyboard */ = {
			isa = PBXVariantGroup;
			children = (
				236F27861E428FC700FCDE9D /* Base */,
			);
			name = Main.storyboard;
			sourceTree = "<group>";
		};
		236F278A1E428FC700FCDE9D /* LaunchScreen.storyboard */ = {
			isa = PBXVariantGroup;
			children = (
				236F278B1E428FC700FCDE9D /* Base */,
			);
			name = LaunchScreen.storyboard;
			sourceTree = "<group>";
		};
/* End PBXVariantGroup section */

/* Begin XCBuildConfiguration section */
		236F27A41E428FC800FCDE9D /* Debug */ = {
			isa = XCBuildConfiguration;
			buildSettings = {
				ALWAYS_SEARCH_USER_PATHS = NO;
				CLANG_ANALYZER_NONNULL = YES;
				CLANG_CXX_LANGUAGE_STANDARD = "gnu++0x";
				CLANG_CXX_LIBRARY = "libc++";
				CLANG_ENABLE_MODULES = YES;
				CLANG_ENABLE_OBJC_ARC = YES;
				CLANG_WARN_BOOL_CONVERSION = YES;
				CLANG_WARN_CONSTANT_CONVERSION = YES;
				CLANG_WARN_DIRECT_OBJC_ISA_USAGE = YES_ERROR;
				CLANG_WARN_DOCUMENTATION_COMMENTS = YES;
				CLANG_WARN_EMPTY_BODY = YES;
				CLANG_WARN_ENUM_CONVERSION = YES;
				CLANG_WARN_INFINITE_RECURSION = YES;
				CLANG_WARN_INT_CONVERSION = YES;
				CLANG_WARN_OBJC_ROOT_CLASS = YES_ERROR;
				CLANG_WARN_SUSPICIOUS_MOVE = YES;
				CLANG_WARN_UNREACHABLE_CODE = YES;
				CLANG_WARN__DUPLICATE_METHOD_MATCH = YES;
				"CODE_SIGN_IDENTITY[sdk=iphoneos*]" = "iPhone Developer";
				COPY_PHASE_STRIP = NO;
				DEBUG_INFORMATION_FORMAT = dwarf;
				ENABLE_STRICT_OBJC_MSGSEND = YES;
				ENABLE_TESTABILITY = YES;
				GCC_C_LANGUAGE_STANDARD = gnu99;
				GCC_DYNAMIC_NO_PIC = NO;
				GCC_NO_COMMON_BLOCKS = YES;
				GCC_OPTIMIZATION_LEVEL = 0;
				GCC_PREPROCESSOR_DEFINITIONS = (
					"DEBUG=1",
					"$(inherited)",
				);
				GCC_WARN_64_TO_32_BIT_CONVERSION = YES;
				GCC_WARN_ABOUT_RETURN_TYPE = YES_ERROR;
				GCC_WARN_UNDECLARED_SELECTOR = YES;
				GCC_WARN_UNINITIALIZED_AUTOS = YES_AGGRESSIVE;
				GCC_WARN_UNUSED_FUNCTION = YES;
				GCC_WARN_UNUSED_VARIABLE = YES;
				IPHONEOS_DEPLOYMENT_TARGET = 10.2;
				MTL_ENABLE_DEBUG_INFO = YES;
				ONLY_ACTIVE_ARCH = YES;
				SDKROOT = iphoneos;
				SWIFT_ACTIVE_COMPILATION_CONDITIONS = DEBUG;
				SWIFT_OPTIMIZATION_LEVEL = "-Onone";
				TARGETED_DEVICE_FAMILY = "1,2";
			};
			name = Debug;
		};
		236F27A51E428FC800FCDE9D /* Release */ = {
			isa = XCBuildConfiguration;
			buildSettings = {
				ALWAYS_SEARCH_USER_PATHS = NO;
				CLANG_ANALYZER_NONNULL = YES;
				CLANG_CXX_LANGUAGE_STANDARD = "gnu++0x";
				CLANG_CXX_LIBRARY = "libc++";
				CLANG_ENABLE_MODULES = YES;
				CLANG_ENABLE_OBJC_ARC = YES;
				CLANG_WARN_BOOL_CONVERSION = YES;
				CLANG_WARN_CONSTANT_CONVERSION = YES;
				CLANG_WARN_DIRECT_OBJC_ISA_USAGE = YES_ERROR;
				CLANG_WARN_DOCUMENTATION_COMMENTS = YES;
				CLANG_WARN_EMPTY_BODY = YES;
				CLANG_WARN_ENUM_CONVERSION = YES;
				CLANG_WARN_INFINITE_RECURSION = YES;
				CLANG_WARN_INT_CONVERSION = YES;
				CLANG_WARN_OBJC_ROOT_CLASS = YES_ERROR;
				CLANG_WARN_SUSPICIOUS_MOVE = YES;
				CLANG_WARN_UNREACHABLE_CODE = YES;
				CLANG_WARN__DUPLICATE_METHOD_MATCH = YES;
				"CODE_SIGN_IDENTITY[sdk=iphoneos*]" = "iPhone Developer";
				COPY_PHASE_STRIP = NO;
				DEBUG_INFORMATION_FORMAT = "dwarf-with-dsym";
				ENABLE_NS_ASSERTIONS = NO;
				ENABLE_STRICT_OBJC_MSGSEND = YES;
				GCC_C_LANGUAGE_STANDARD = gnu99;
				GCC_NO_COMMON_BLOCKS = YES;
				GCC_WARN_64_TO_32_BIT_CONVERSION = YES;
				GCC_WARN_ABOUT_RETURN_TYPE = YES_ERROR;
				GCC_WARN_UNDECLARED_SELECTOR = YES;
				GCC_WARN_UNINITIALIZED_AUTOS = YES_AGGRESSIVE;
				GCC_WARN_UNUSED_FUNCTION = YES;
				GCC_WARN_UNUSED_VARIABLE = YES;
				IPHONEOS_DEPLOYMENT_TARGET = 10.2;
				MTL_ENABLE_DEBUG_INFO = NO;
				SDKROOT = iphoneos;
				SWIFT_OPTIMIZATION_LEVEL = "-Owholemodule";
				TARGETED_DEVICE_FAMILY = "1,2";
				VALIDATE_PRODUCT = YES;
			};
			name = Release;
		};
		236F27A71E428FC800FCDE9D /* Debug */ = {
			isa = XCBuildConfiguration;
			baseConfigurationReference = 52A1902095AF799202D68E49 /* Pods-NDTextbookExchange.debug.xcconfig */;
			buildSettings = {
				ALWAYS_EMBED_SWIFT_STANDARD_LIBRARIES = "$(inherited)";
				ASSETCATALOG_COMPILER_APPICON_NAME = AppIcon;
				DEVELOPMENT_TEAM = N4Z3R2L69T;
				FRAMEWORK_SEARCH_PATHS = (
					"$(inherited)",
					"$(PROJECT_DIR)",
				);
				INFOPLIST_FILE = NDTextbookExchange/Info.plist;
				LD_RUNPATH_SEARCH_PATHS = "$(inherited) @executable_path/Frameworks";
				PRODUCT_BUNDLE_IDENTIFIER = CSE40814.NDTextbookExchange;
				PRODUCT_NAME = "$(TARGET_NAME)";
				SWIFT_VERSION = 3.0;
			};
			name = Debug;
		};
		236F27A81E428FC800FCDE9D /* Release */ = {
			isa = XCBuildConfiguration;
			baseConfigurationReference = E41F099B9006CCA532F4FC66 /* Pods-NDTextbookExchange.release.xcconfig */;
			buildSettings = {
				ALWAYS_EMBED_SWIFT_STANDARD_LIBRARIES = "$(inherited)";
				ASSETCATALOG_COMPILER_APPICON_NAME = AppIcon;
				DEVELOPMENT_TEAM = N4Z3R2L69T;
				FRAMEWORK_SEARCH_PATHS = (
					"$(inherited)",
					"$(PROJECT_DIR)",
				);
				INFOPLIST_FILE = NDTextbookExchange/Info.plist;
				LD_RUNPATH_SEARCH_PATHS = "$(inherited) @executable_path/Frameworks";
				PRODUCT_BUNDLE_IDENTIFIER = CSE40814.NDTextbookExchange;
				PRODUCT_NAME = "$(TARGET_NAME)";
				SWIFT_VERSION = 3.0;
			};
			name = Release;
		};
		236F27AA1E428FC800FCDE9D /* Debug */ = {
			isa = XCBuildConfiguration;
			baseConfigurationReference = 074EA27F1277B9B8428BFCC7 /* Pods-NDTextbookExchangeTests.debug.xcconfig */;
			buildSettings = {
				ALWAYS_EMBED_SWIFT_STANDARD_LIBRARIES = YES;
				BUNDLE_LOADER = "$(TEST_HOST)";
				DEVELOPMENT_TEAM = N4Z3R2L69T;
				INFOPLIST_FILE = NDTextbookExchangeTests/Info.plist;
				LD_RUNPATH_SEARCH_PATHS = "$(inherited) @executable_path/Frameworks @loader_path/Frameworks";
				PRODUCT_BUNDLE_IDENTIFIER = CSE40814.NDTextbookExchangeTests;
				PRODUCT_NAME = "$(TARGET_NAME)";
				SWIFT_VERSION = 3.0;
				TEST_HOST = "$(BUILT_PRODUCTS_DIR)/NDTextbookExchange.app/NDTextbookExchange";
			};
			name = Debug;
		};
		236F27AB1E428FC800FCDE9D /* Release */ = {
			isa = XCBuildConfiguration;
			baseConfigurationReference = B5601751864618B3E1A5ACC7 /* Pods-NDTextbookExchangeTests.release.xcconfig */;
			buildSettings = {
				ALWAYS_EMBED_SWIFT_STANDARD_LIBRARIES = YES;
				BUNDLE_LOADER = "$(TEST_HOST)";
				DEVELOPMENT_TEAM = N4Z3R2L69T;
				INFOPLIST_FILE = NDTextbookExchangeTests/Info.plist;
				LD_RUNPATH_SEARCH_PATHS = "$(inherited) @executable_path/Frameworks @loader_path/Frameworks";
				PRODUCT_BUNDLE_IDENTIFIER = CSE40814.NDTextbookExchangeTests;
				PRODUCT_NAME = "$(TARGET_NAME)";
				SWIFT_VERSION = 3.0;
				TEST_HOST = "$(BUILT_PRODUCTS_DIR)/NDTextbookExchange.app/NDTextbookExchange";
			};
			name = Release;
		};
		236F27AD1E428FC800FCDE9D /* Debug */ = {
			isa = XCBuildConfiguration;
			baseConfigurationReference = B17878288E857301F99E4F96 /* Pods-NDTextbookExchangeUITests.debug.xcconfig */;
			buildSettings = {
				ALWAYS_EMBED_SWIFT_STANDARD_LIBRARIES = YES;
				DEVELOPMENT_TEAM = N4Z3R2L69T;
				INFOPLIST_FILE = NDTextbookExchangeUITests/Info.plist;
				LD_RUNPATH_SEARCH_PATHS = "$(inherited) @executable_path/Frameworks @loader_path/Frameworks";
				PRODUCT_BUNDLE_IDENTIFIER = CSE40814.NDTextbookExchangeUITests;
				PRODUCT_NAME = "$(TARGET_NAME)";
				SWIFT_VERSION = 3.0;
				TEST_TARGET_NAME = NDTextbookExchange;
			};
			name = Debug;
		};
		236F27AE1E428FC800FCDE9D /* Release */ = {
			isa = XCBuildConfiguration;
			baseConfigurationReference = 4D5C22F562E4853DE3D3E185 /* Pods-NDTextbookExchangeUITests.release.xcconfig */;
			buildSettings = {
				ALWAYS_EMBED_SWIFT_STANDARD_LIBRARIES = YES;
				DEVELOPMENT_TEAM = N4Z3R2L69T;
				INFOPLIST_FILE = NDTextbookExchangeUITests/Info.plist;
				LD_RUNPATH_SEARCH_PATHS = "$(inherited) @executable_path/Frameworks @loader_path/Frameworks";
				PRODUCT_BUNDLE_IDENTIFIER = CSE40814.NDTextbookExchangeUITests;
				PRODUCT_NAME = "$(TARGET_NAME)";
				SWIFT_VERSION = 3.0;
				TEST_TARGET_NAME = NDTextbookExchange;
			};
			name = Release;
		};
/* End XCBuildConfiguration section */

/* Begin XCConfigurationList section */
		236F27791E428FC700FCDE9D /* Build configuration list for PBXProject "NDTextbookExchange" */ = {
			isa = XCConfigurationList;
			buildConfigurations = (
				236F27A41E428FC800FCDE9D /* Debug */,
				236F27A51E428FC800FCDE9D /* Release */,
			);
			defaultConfigurationIsVisible = 0;
			defaultConfigurationName = Release;
		};
		236F27A61E428FC800FCDE9D /* Build configuration list for PBXNativeTarget "NDTextbookExchange" */ = {
			isa = XCConfigurationList;
			buildConfigurations = (
				236F27A71E428FC800FCDE9D /* Debug */,
				236F27A81E428FC800FCDE9D /* Release */,
			);
			defaultConfigurationIsVisible = 0;
			defaultConfigurationName = Release;
		};
		236F27A91E428FC800FCDE9D /* Build configuration list for PBXNativeTarget "NDTextbookExchangeTests" */ = {
			isa = XCConfigurationList;
			buildConfigurations = (
				236F27AA1E428FC800FCDE9D /* Debug */,
				236F27AB1E428FC800FCDE9D /* Release */,
			);
			defaultConfigurationIsVisible = 0;
			defaultConfigurationName = Release;
		};
		236F27AC1E428FC800FCDE9D /* Build configuration list for PBXNativeTarget "NDTextbookExchangeUITests" */ = {
			isa = XCConfigurationList;
			buildConfigurations = (
				236F27AD1E428FC800FCDE9D /* Debug */,
				236F27AE1E428FC800FCDE9D /* Release */,
			);
			defaultConfigurationIsVisible = 0;
			defaultConfigurationName = Release;
		};
/* End XCConfigurationList section */
	};
	rootObject = 236F27761E428FC700FCDE9D /* Project object */;
}
